// !$*UTF8*$!
{
	archiveVersion = 1;
	classes = {
	};
	objectVersion = 46;
	objects = {

/* Begin PBXBuildFile section */
		6212E9C11F39911300BDF51A /* libjcore-ios.a in Frameworks */ = {isa = PBXBuildFile; fileRef = 6212E9C01F39911300BDF51A /* libjcore-ios.a */; };
		6212E9F11F3991D500BDF51A /* RCTJCoreModule.m in Sources */ = {isa = PBXBuildFile; fileRef = 6212E9F01F3991D500BDF51A /* RCTJCoreModule.m */; };
/* End PBXBuildFile section */

/* Begin PBXCopyFilesBuildPhase section */
		6212E9B21F3990DC00BDF51A /* CopyFiles */ = {
			isa = PBXCopyFilesBuildPhase;
			buildActionMask = 2147483647;
			dstPath = "include/$(PRODUCT_NAME)";
			dstSubfolderSpec = 16;
			files = (
			);
			runOnlyForDeploymentPostprocessing = 0;
		};
/* End PBXCopyFilesBuildPhase section */

/* Begin PBXFileReference section */
		6212E9B41F3990DC00BDF51A /* libRCTJCoreModule.a */ = {isa = PBXFileReference; explicitFileType = archive.ar; includeInIndex = 0; path = libRCTJCoreModule.a; sourceTree = BUILT_PRODUCTS_DIR; };
		6212E9C01F39911300BDF51A /* libjcore-ios.a */ = {isa = PBXFileReference; lastKnownFileType = archive.ar; path = "libjcore-ios.a"; sourceTree = "<group>"; };
		6212E9EF1F3991D500BDF51A /* RCTJCoreModule.h */ = {isa = PBXFileReference; fileEncoding = 4; lastKnownFileType = sourcecode.c.h; path = RCTJCoreModule.h; sourceTree = "<group>"; };
		6212E9F01F3991D500BDF51A /* RCTJCoreModule.m */ = {isa = PBXFileReference; fileEncoding = 4; lastKnownFileType = sourcecode.c.objc; path = RCTJCoreModule.m; sourceTree = "<group>"; };
/* End PBXFileReference section */

/* Begin PBXFrameworksBuildPhase section */
		6212E9B11F3990DC00BDF51A /* Frameworks */ = {
			isa = PBXFrameworksBuildPhase;
			buildActionMask = 2147483647;
			files = (
				6212E9C11F39911300BDF51A /* libjcore-ios.a in Frameworks */,
			);
			runOnlyForDeploymentPostprocessing = 0;
		};
/* End PBXFrameworksBuildPhase section */

/* Begin PBXGroup section */
		6212E9AB1F3990DC00BDF51A = {
			isa = PBXGroup;
			children = (
				6212E9B61F3990DC00BDF51A /* RCTJCoreModule */,
				6212E9B51F3990DC00BDF51A /* Products */,
			);
			sourceTree = "<group>";
		};
		6212E9B51F3990DC00BDF51A /* Products */ = {
			isa = PBXGroup;
			children = (
				6212E9B41F3990DC00BDF51A /* libRCTJCoreModule.a */,
			);
			name = Products;
			sourceTree = "<group>";
		};
		6212E9B61F3990DC00BDF51A /* RCTJCoreModule */ = {
			isa = PBXGroup;
			children = (
				6212E9C01F39911300BDF51A /* libjcore-ios.a */,
				6212E9EF1F3991D500BDF51A /* RCTJCoreModule.h */,
				6212E9F01F3991D500BDF51A /* RCTJCoreModule.m */,
			);
			path = RCTJCoreModule;
			sourceTree = "<group>";
		};
/* End PBXGroup section */

/* Begin PBXNativeTarget section */
		6212E9B31F3990DC00BDF51A /* RCTJCoreModule */ = {
			isa = PBXNativeTarget;
			buildConfigurationList = 6212E9BD1F3990DC00BDF51A /* Build configuration list for PBXNativeTarget "RCTJCoreModule" */;
			buildPhases = (
				6212E9B01F3990DC00BDF51A /* Sources */,
				6212E9B11F3990DC00BDF51A /* Frameworks */,
				6212E9B21F3990DC00BDF51A /* CopyFiles */,
			);
			buildRules = (
			);
			dependencies = (
			);
			name = RCTJCoreModule;
			productName = RCTJCoreModule;
			productReference = 6212E9B41F3990DC00BDF51A /* libRCTJCoreModule.a */;
			productType = "com.apple.product-type.library.static";
		};
/* End PBXNativeTarget section */

/* Begin PBXProject section */
		6212E9AC1F3990DC00BDF51A /* Project object */ = {
			isa = PBXProject;
			attributes = {
				LastUpgradeCheck = 0830;
				ORGANIZATIONNAME = HXHG;
				TargetAttributes = {
					6212E9B31F3990DC00BDF51A = {
						CreatedOnToolsVersion = 8.3.3;
						DevelopmentTeam = RL64Y54S9V;
						ProvisioningStyle = Automatic;
					};
				};
			};
			buildConfigurationList = 6212E9AF1F3990DC00BDF51A /* Build configuration list for PBXProject "RCTJCoreModule" */;
			compatibilityVersion = "Xcode 3.2";
			developmentRegion = English;
			hasScannedForEncodings = 0;
			knownRegions = (
				en,
			);
			mainGroup = 6212E9AB1F3990DC00BDF51A;
			productRefGroup = 6212E9B51F3990DC00BDF51A /* Products */;
			projectDirPath = "";
			projectRoot = "";
			targets = (
				6212E9B31F3990DC00BDF51A /* RCTJCoreModule */,
			);
		};
/* End PBXProject section */

/* Begin PBXSourcesBuildPhase section */
		6212E9B01F3990DC00BDF51A /* Sources */ = {
			isa = PBXSourcesBuildPhase;
			buildActionMask = 2147483647;
			files = (
				6212E9F11F3991D500BDF51A /* RCTJCoreModule.m in Sources */,
			);
			runOnlyForDeploymentPostprocessing = 0;
		};
/* End PBXSourcesBuildPhase section */

/* Begin XCBuildConfiguration section */
		6212E9BB1F3990DC00BDF51A /* Debug */ = {
			isa = XCBuildConfiguration;
			buildSettings = {
				ALWAYS_SEARCH_USER_PATHS = NO;
				CLANG_ANALYZER_NONNULL = YES;
				CLANG_ANALYZER_NUMBER_OBJECT_CONVERSION = YES_AGGRESSIVE;
				CLANG_CXX_LANGUAGE_STANDARD = "gnu++0x";
				CLANG_CXX_LIBRARY = "libc++";
				CLANG_ENABLE_MODULES = YES;
				CLANG_ENABLE_OBJC_ARC = YES;
				CLANG_WARN_BOOL_CONVERSION = YES;
				CLANG_WARN_CONSTANT_CONVERSION = YES;
				CLANG_WARN_DIRECT_OBJC_ISA_USAGE = YES_ERROR;
				CLANG_WARN_DOCUMENTATION_COMMENTS = YES;
				CLANG_WARN_EMPTY_BODY = YES;
				CLANG_WARN_ENUM_CONVERSION = YES;
				CLANG_WARN_INFINITE_RECURSION = YES;
				CLANG_WARN_INT_CONVERSION = YES;
				CLANG_WARN_OBJC_ROOT_CLASS = YES_ERROR;
				CLANG_WARN_SUSPICIOUS_MOVE = YES;
				CLANG_WARN_UNREACHABLE_CODE = YES;
				CLANG_WARN__DUPLICATE_METHOD_MATCH = YES;
				"CODE_SIGN_IDENTITY[sdk=iphoneos*]" = "iPhone Developer";
				COPY_PHASE_STRIP = NO;
				DEBUG_INFORMATION_FORMAT = dwarf;
				ENABLE_STRICT_OBJC_MSGSEND = YES;
				ENABLE_TESTABILITY = YES;
				GCC_C_LANGUAGE_STANDARD = gnu99;
				GCC_DYNAMIC_NO_PIC = NO;
				GCC_NO_COMMON_BLOCKS = YES;
				GCC_OPTIMIZATION_LEVEL = 0;
				GCC_PREPROCESSOR_DEFINITIONS = (
					"DEBUG=1",
					"$(inherited)",
				);
				GCC_WARN_64_TO_32_BIT_CONVERSION = YES;
				GCC_WARN_ABOUT_RETURN_TYPE = YES_ERROR;
				GCC_WARN_UNDECLARED_SELECTOR = YES;
				GCC_WARN_UNINITIALIZED_AUTOS = YES_AGGRESSIVE;
				GCC_WARN_UNUSED_FUNCTION = YES;
				GCC_WARN_UNUSED_VARIABLE = YES;
				IPHONEOS_DEPLOYMENT_TARGET = 10.3;
				MTL_ENABLE_DEBUG_INFO = YES;
				ONLY_ACTIVE_ARCH = YES;
				SDKROOT = iphoneos;
			};
			name = Debug;
		};
		6212E9BC1F3990DC00BDF51A /* Release */ = {
			isa = XCBuildConfiguration;
			buildSettings = {
				ALWAYS_SEARCH_USER_PATHS = NO;
				CLANG_ANALYZER_NONNULL = YES;
				CLANG_ANALYZER_NUMBER_OBJECT_CONVERSION = YES_AGGRESSIVE;
				CLANG_CXX_LANGUAGE_STANDARD = "gnu++0x";
				CLANG_CXX_LIBRARY = "libc++";
				CLANG_ENABLE_MODULES = YES;
				CLANG_ENABLE_OBJC_ARC = YES;
				CLANG_WARN_BOOL_CONVERSION = YES;
				CLANG_WARN_CONSTANT_CONVERSION = YES;
				CLANG_WARN_DIRECT_OBJC_ISA_USAGE = YES_ERROR;
				CLANG_WARN_DOCUMENTATION_COMMENTS = YES;
				CLANG_WARN_EMPTY_BODY = YES;
				CLANG_WARN_ENUM_CONVERSION = YES;
				CLANG_WARN_INFINITE_RECURSION = YES;
				CLANG_WARN_INT_CONVERSION = YES;
				CLANG_WARN_OBJC_ROOT_CLASS = YES_ERROR;
				CLANG_WARN_SUSPICIOUS_MOVE = YES;
				CLANG_WARN_UNREACHABLE_CODE = YES;
				CLANG_WARN__DUPLICATE_METHOD_MATCH = YES;
				"CODE_SIGN_IDENTITY[sdk=iphoneos*]" = "iPhone Developer";
				COPY_PHASE_STRIP = NO;
				DEBUG_INFORMATION_FORMAT = "dwarf-with-dsym";
				ENABLE_NS_ASSERTIONS = NO;
				ENABLE_STRICT_OBJC_MSGSEND = YES;
				GCC_C_LANGUAGE_STANDARD = gnu99;
				GCC_NO_COMMON_BLOCKS = YES;
				GCC_WARN_64_TO_32_BIT_CONVERSION = YES;
				GCC_WARN_ABOUT_RETURN_TYPE = YES_ERROR;
				GCC_WARN_UNDECLARED_SELECTOR = YES;
				GCC_WARN_UNINITIALIZED_AUTOS = YES_AGGRESSIVE;
				GCC_WARN_UNUSED_FUNCTION = YES;
				GCC_WARN_UNUSED_VARIABLE = YES;
				IPHONEOS_DEPLOYMENT_TARGET = 10.3;
				MTL_ENABLE_DEBUG_INFO = NO;
				SDKROOT = iphoneos;
				VALIDATE_PRODUCT = YES;
			};
			name = Release;
		};
		6212E9BE1F3990DC00BDF51A /* Debug */ = {
			isa = XCBuildConfiguration;
			buildSettings = {
				DEVELOPMENT_TEAM = RL64Y54S9V;
				LIBRARY_SEARCH_PATHS = (
					"$(inherited)",
					"$(PROJECT_DIR)/RCTJCoreModule",
				);
				OTHER_LDFLAGS = "-ObjC";
				PRODUCT_NAME = "$(TARGET_NAME)";
				SKIP_INSTALL = YES;
			};
			name = Debug;
		};
		6212E9BF1F3990DC00BDF51A /* Release */ = {
			isa = XCBuildConfiguration;
			buildSettings = {
				DEVELOPMENT_TEAM = RL64Y54S9V;
				LIBRARY_SEARCH_PATHS = (
					"$(inherited)",
					"$(PROJECT_DIR)/RCTJCoreModule",
				);
				OTHER_LDFLAGS = "-ObjC";
				PRODUCT_NAME = "$(TARGET_NAME)";
				SKIP_INSTALL = YES;
			};
			name = Release;
		};
/* End XCBuildConfiguration section */

/* Begin XCConfigurationList section */
		6212E9AF1F3990DC00BDF51A /* Build configuration list for PBXProject "RCTJCoreModule" */ = {
			isa = XCConfigurationList;
			buildConfigurations = (
				6212E9BB1F3990DC00BDF51A /* Debug */,
				6212E9BC1F3990DC00BDF51A /* Release */,
			);
			defaultConfigurationIsVisible = 0;
			defaultConfigurationName = Release;
		};
		6212E9BD1F3990DC00BDF51A /* Build configuration list for PBXNativeTarget "RCTJCoreModule" */ = {
			isa = XCConfigurationList;
			buildConfigurations = (
				6212E9BE1F3990DC00BDF51A /* Debug */,
				6212E9BF1F3990DC00BDF51A /* Release */,
			);
			defaultConfigurationIsVisible = 0;
			defaultConfigurationName = Release;
		};
/* End XCConfigurationList section */
	};
	rootObject = 6212E9AC1F3990DC00BDF51A /* Project object */;
}
